
Microsoft Visual Studio Solution File, Format Version 12.00
# Visual Studio 15
Project("{FAE04EC0-301F-11D3-BF4B-00C04F79EFBC}") = "UnityEngine.UI", "UnityEngine.UI.csproj", "{7FBFE008-D475-6C29-8BE2-7E7AC1B139D8}"
EndProject
Project("{FAE04EC0-301F-11D3-BF4B-00C04F79EFBC}") = "UnityEngine.TestRunner", "UnityEngine.TestRunner.csproj", "{D6CEBB17-FC00-30B5-6B8A-C61B6C43F7A3}"
EndProject
Project("{FAE04EC0-301F-11D3-BF4B-00C04F79EFBC}") = "Unity.Mathematics", "Unity.Mathematics.csproj", "{7CBE798F-C33E-8A9E-499F-0BA211420386}"
EndProject
Project("{FAE04EC0-301F-11D3-BF4B-00C04F79EFBC}") = "Unity.2D.Animation.Triangle.Runtime", "Unity.2D.Animation.Triangle.Runtime.csproj", "{A3E2B33D-F167-F683-5F13-542176632FB2}"
EndProject
Project("{FAE04EC0-301F-11D3-BF4B-00C04F79EFBC}") = "Unity.Timeline", "Unity.Timeline.csproj", "{C49191DF-7B2A-E702-6F4B-F8EF78ECF5EA}"
EndProject
Project("{FAE04EC0-301F-11D3-BF4B-00C04F79EFBC}") = "Unity.TextMeshPro", "Unity.TextMeshPro.csproj", "{8242080B-7E4B-A332-51AD-FF7D325C4DBD}"
EndProject
Project("{FAE04EC0-301F-11D3-BF4B-00C04F79EFBC}") = "Unity.2D.Animation.Runtime", "Unity.2D.Animation.Runtime.csproj", "{F8718079-4B53-EFE9-FA9B-D589ABF8F246}"
EndProject
Project("{FAE04EC0-301F-11D3-BF4B-00C04F79EFBC}") = "Unity.2D.IK.Runtime", "Unity.2D.IK.Runtime.csproj", "{CB733956-EEAA-18CA-92EC-B81DCC1D833F}"
EndProject
Project("{FAE04EC0-301F-11D3-BF4B-00C04F79EFBC}") = "Unity.2D.SpriteShape.Runtime", "Unity.2D.SpriteShape.Runtime.csproj", "{509C44E2-8980-24D3-5E07-C03FCB81E7EC}"
EndProject
Project("{FAE04EC0-301F-11D3-BF4B-00C04F79EFBC}") = "Assembly-CSharp", "Assembly-CSharp.csproj", "{51094D93-B4D8-79BA-AEBC-814A6AB3E31A}"
EndProject
Project("{FAE04EC0-301F-11D3-BF4B-00C04F79EFBC}") = "Unity.2D.PixelPerfect", "Unity.2D.PixelPerfect.csproj", "{678BF93C-5C0D-D08F-6D33-54BEFABBDC52}"
EndProject
Project("{FAE04EC0-301F-11D3-BF4B-00C04F79EFBC}") = "Unity.2D.Common.Runtime", "Unity.2D.Common.Runtime.csproj", "{B5E3FC92-404A-4353-B622-2C1A4BBDCE5B}"
EndProject
Project("{FAE04EC0-301F-11D3-BF4B-00C04F79EFBC}") = "Unity.InternalAPIEngineBridge.001", "Unity.InternalAPIEngineBridge.001.csproj", "{40123777-E2D0-0662-6A7F-804F1E0E3724}"
EndProject
Project("{FAE04EC0-301F-11D3-BF4B-00C04F79EFBC}") = "UnityEditor.TestRunner", "UnityEditor.TestRunner.csproj", "{695B5584-FBE9-4862-B77D-7BFFFAF76BAE}"
EndProject
Project("{FAE04EC0-301F-11D3-BF4B-00C04F79EFBC}") = "Unity.PlasticSCM.Editor", "Unity.PlasticSCM.Editor.csproj", "{F9030A3B-E429-EF0F-669C-93E093F09C4E}"
EndProject
Project("{FAE04EC0-301F-11D3-BF4B-00C04F79EFBC}") = "UnityEditor.UI", "UnityEditor.UI.csproj", "{12D92129-8CD2-C599-6723-73BE36151AE4}"
EndProject
Project("{FAE04EC0-301F-11D3-BF4B-00C04F79EFBC}") = "Unity.Timeline.Editor", "Unity.Timeline.Editor.csproj", "{DA97FDC1-6E94-289E-585E-54F59FF7A49F}"
EndProject
Project("{FAE04EC0-301F-11D3-BF4B-00C04F79EFBC}") = "Unity.VisualStudio.Editor", "Unity.VisualStudio.Editor.csproj", "{67FC4AA2-51C9-3209-6D33-5E9D2D8FFE17}"
EndProject
Project("{FAE04EC0-301F-11D3-BF4B-00C04F79EFBC}") = "Unity.2D.Psdimporter.Editor", "Unity.2D.Psdimporter.Editor.csproj", "{0EE40828-8541-9786-8EAE-A5708CCB67EB}"
EndProject
Project("{FAE04EC0-301F-11D3-BF4B-00C04F79EFBC}") = "Unity.2D.Animation.Editor", "Unity.2D.Animation.Editor.csproj", "{100AD8C5-9080-EEDA-6E61-E63C7686A325}"
EndProject
Project("{FAE04EC0-301F-11D3-BF4B-00C04F79EFBC}") = "Unity.TextMeshPro.Editor", "Unity.TextMeshPro.Editor.csproj", "{FDAD383D-00AA-A72B-EFAC-9B165758E659}"
EndProject
Project("{FAE04EC0-301F-11D3-BF4B-00C04F79EFBC}") = "Unity.2D.SpriteShape.Editor", "Unity.2D.SpriteShape.Editor.csproj", "{3D2912B5-59FD-6A30-BFFB-041F318DA325}"
EndProject
Project("{FAE04EC0-301F-11D3-BF4B-00C04F79EFBC}") = "Unity.CollabProxy.Editor", "Unity.CollabProxy.Editor.csproj", "{2074ABFD-AA0B-FC36-0731-CDB7792DD378}"
EndProject
Project("{FAE04EC0-301F-11D3-BF4B-00C04F79EFBC}") = "PsdPlugin", "PsdPlugin.csproj", "{F6F5CF15-B25D-7D09-7A94-BA084557EF83}"
EndProject
Project("{FAE04EC0-301F-11D3-BF4B-00C04F79EFBC}") = "Unity.2D.Path.Editor", "Unity.2D.Path.Editor.csproj", "{4D8DA6B6-1ABC-8505-E364-D825DBC002AD}"
EndProject
Project("{FAE04EC0-301F-11D3-BF4B-00C04F79EFBC}") = "Unity.Rider.Editor", "Unity.Rider.Editor.csproj", "{25105ECB-6A00-B699-1DB6-4735744DA13A}"
EndProject
Project("{FAE04EC0-301F-11D3-BF4B-00C04F79EFBC}") = "Unity.2D.IK.Editor", "Unity.2D.IK.Editor.csproj", "{1AE62FEB-088F-C8C4-D643-FEC23AC38EB5}"
EndProject
Project("{FAE04EC0-301F-11D3-BF4B-00C04F79EFBC}") = "Unity.2D.Sprite.Editor", "Unity.2D.Sprite.Editor.csproj", "{3C8DD199-0385-EC08-4A5B-32AC991963D5}"
EndProject
Project("{FAE04EC0-301F-11D3-BF4B-00C04F79EFBC}") = "Unity.2D.Tilemap.Editor", "Unity.2D.Tilemap.Editor.csproj", "{983EB1B3-C399-AFF3-D4B3-C89A2510748D}"
EndProject
Project("{FAE04EC0-301F-11D3-BF4B-00C04F79EFBC}") = "Unity.2D.PixelPerfect.Editor", "Unity.2D.PixelPerfect.Editor.csproj", "{04F3787D-EDEE-1994-E08A-D1E4263947EC}"
EndProject
Project("{FAE04EC0-301F-11D3-BF4B-00C04F79EFBC}") = "Unity.VSCode.Editor", "Unity.VSCode.Editor.csproj", "{5066427C-66F4-6109-F089-0A11508D3615}"
EndProject
Project("{FAE04EC0-301F-11D3-BF4B-00C04F79EFBC}") = "Unity.2D.Common.Editor", "Unity.2D.Common.Editor.csproj", "{4DA864A6-AF24-BE5A-AB69-0A9AE773D971}"
EndProject
Project("{FAE04EC0-301F-11D3-BF4B-00C04F79EFBC}") = "Unity.Mathematics.Editor", "Unity.Mathematics.Editor.csproj", "{443F09B9-0967-C49B-7A36-4E7CDAB88E24}"
EndProject
Project("{FAE04EC0-301F-11D3-BF4B-00C04F79EFBC}") = "Unity.InternalAPIEditorBridge.001", "Unity.InternalAPIEditorBridge.001.csproj", "{632A38B3-C964-7580-C369-D824D9546683}"
EndProject
Project("{FAE04EC0-301F-11D3-BF4B-00C04F79EFBC}") = "UnityEngine.UI", "UnityEngine.UI.Player.csproj", "{EAFBB8A5-E4AF-7D38-C659-FAB23EB8E0E2}"
EndProject
Project("{FAE04EC0-301F-11D3-BF4B-00C04F79EFBC}") = "UnityEngine.TestRunner", "UnityEngine.TestRunner.Player.csproj", "{7E2664F6-37F9-E06A-3498-B0A7DB3BA2DA}"
EndProject
Project("{FAE04EC0-301F-11D3-BF4B-00C04F79EFBC}") = "Unity.Mathematics", "Unity.Mathematics.Player.csproj", "{846E1EBE-7016-A24D-7EBA-4EED993CA522}"
EndProject
Project("{FAE04EC0-301F-11D3-BF4B-00C04F79EFBC}") = "Unity.2D.Animation.Triangle.Runtime", "Unity.2D.Animation.Triangle.Runtime.Player.csproj", "{E68C8B80-3E03-E4D9-84AA-1A63467BC3BB}"
EndProject
Project("{FAE04EC0-301F-11D3-BF4B-00C04F79EFBC}") = "Unity.Timeline", "Unity.Timeline.Player.csproj", "{A60245BC-8AB9-644A-B3C6-B38BB002C3B6}"
EndProject
Project("{FAE04EC0-301F-11D3-BF4B-00C04F79EFBC}") = "Unity.TextMeshPro", "Unity.TextMeshPro.Player.csproj", "{20084C6F-7E9C-8291-4E14-81C5FA730FBC}"
EndProject
Project("{FAE04EC0-301F-11D3-BF4B-00C04F79EFBC}") = "Unity.2D.Animation.Runtime", "Unity.2D.Animation.Runtime.Player.csproj", "{46152554-EE9D-7F4E-29B7-166F2BBC979E}"
EndProject
Project("{FAE04EC0-301F-11D3-BF4B-00C04F79EFBC}") = "Unity.2D.IK.Runtime", "Unity.2D.IK.Runtime.Player.csproj", "{446A8938-3812-FC8E-69F2-FAB66F598998}"
EndProject
Project("{FAE04EC0-301F-11D3-BF4B-00C04F79EFBC}") = "Unity.2D.SpriteShape.Runtime", "Unity.2D.SpriteShape.Runtime.Player.csproj", "{B180DA76-6523-C15A-3D9F-1D6E436469AB}"
EndProject
Project("{FAE04EC0-301F-11D3-BF4B-00C04F79EFBC}") = "Assembly-CSharp", "Assembly-CSharp.Player.csproj", "{69755960-E40C-EC92-AA69-357CA62F0B7E}"
EndProject
Project("{FAE04EC0-301F-11D3-BF4B-00C04F79EFBC}") = "Unity.2D.PixelPerfect", "Unity.2D.PixelPerfect.Player.csproj", "{286413EE-1F9C-5865-E81F-EE1B264EE72A}"
EndProject
Project("{FAE04EC0-301F-11D3-BF4B-00C04F79EFBC}") = "Unity.2D.Common.Runtime", "Unity.2D.Common.Runtime.Player.csproj", "{193ABBC1-7D75-2834-424E-F7EBDA5EDD79}"
EndProject
Project("{FAE04EC0-301F-11D3-BF4B-00C04F79EFBC}") = "Unity.InternalAPIEngineBridge.001", "Unity.InternalAPIEngineBridge.001.Player.csproj", "{442FEEF0-AFF6-0842-7B99-81A46FD4B3DE}"
EndProject
Global
	GlobalSection(SolutionConfigurationPlatforms) = preSolution
		Debug|Any CPU = Debug|Any CPU
		Release|Any CPU = Release|Any CPU
	EndGlobalSection
	GlobalSection(ProjectConfigurationPlatforms) = postSolution
		{7FBFE008-D475-6C29-8BE2-7E7AC1B139D8}.Debug|Any CPU.ActiveCfg = Debug|Any CPU
		{7FBFE008-D475-6C29-8BE2-7E7AC1B139D8}.Debug|Any CPU.Build.0 = Debug|Any CPU
		{7FBFE008-D475-6C29-8BE2-7E7AC1B139D8}.Release|Any CPU.ActiveCfg = Release|Any CPU
		{7FBFE008-D475-6C29-8BE2-7E7AC1B139D8}.Release|Any CPU.Build.0 = Release|Any CPU
		{D6CEBB17-FC00-30B5-6B8A-C61B6C43F7A3}.Debug|Any CPU.ActiveCfg = Debug|Any CPU
		{D6CEBB17-FC00-30B5-6B8A-C61B6C43F7A3}.Debug|Any CPU.Build.0 = Debug|Any CPU
		{D6CEBB17-FC00-30B5-6B8A-C61B6C43F7A3}.Release|Any CPU.ActiveCfg = Release|Any CPU
		{D6CEBB17-FC00-30B5-6B8A-C61B6C43F7A3}.Release|Any CPU.Build.0 = Release|Any CPU
		{7CBE798F-C33E-8A9E-499F-0BA211420386}.Debug|Any CPU.ActiveCfg = Debug|Any CPU
		{7CBE798F-C33E-8A9E-499F-0BA211420386}.Debug|Any CPU.Build.0 = Debug|Any CPU
		{7CBE798F-C33E-8A9E-499F-0BA211420386}.Release|Any CPU.ActiveCfg = Release|Any CPU
		{7CBE798F-C33E-8A9E-499F-0BA211420386}.Release|Any CPU.Build.0 = Release|Any CPU
		{A3E2B33D-F167-F683-5F13-542176632FB2}.Debug|Any CPU.ActiveCfg = Debug|Any CPU
		{A3E2B33D-F167-F683-5F13-542176632FB2}.Debug|Any CPU.Build.0 = Debug|Any CPU
		{A3E2B33D-F167-F683-5F13-542176632FB2}.Release|Any CPU.ActiveCfg = Release|Any CPU
		{A3E2B33D-F167-F683-5F13-542176632FB2}.Release|Any CPU.Build.0 = Release|Any CPU
		{C49191DF-7B2A-E702-6F4B-F8EF78ECF5EA}.Debug|Any CPU.ActiveCfg = Debug|Any CPU
		{C49191DF-7B2A-E702-6F4B-F8EF78ECF5EA}.Debug|Any CPU.Build.0 = Debug|Any CPU
		{C49191DF-7B2A-E702-6F4B-F8EF78ECF5EA}.Release|Any CPU.ActiveCfg = Release|Any CPU
		{C49191DF-7B2A-E702-6F4B-F8EF78ECF5EA}.Release|Any CPU.Build.0 = Release|Any CPU
		{8242080B-7E4B-A332-51AD-FF7D325C4DBD}.Debug|Any CPU.ActiveCfg = Debug|Any CPU
		{8242080B-7E4B-A332-51AD-FF7D325C4DBD}.Debug|Any CPU.Build.0 = Debug|Any CPU
		{8242080B-7E4B-A332-51AD-FF7D325C4DBD}.Release|Any CPU.ActiveCfg = Release|Any CPU
		{8242080B-7E4B-A332-51AD-FF7D325C4DBD}.Release|Any CPU.Build.0 = Release|Any CPU
		{F8718079-4B53-EFE9-FA9B-D589ABF8F246}.Debug|Any CPU.ActiveCfg = Debug|Any CPU
		{F8718079-4B53-EFE9-FA9B-D589ABF8F246}.Debug|Any CPU.Build.0 = Debug|Any CPU
		{F8718079-4B53-EFE9-FA9B-D589ABF8F246}.Release|Any CPU.ActiveCfg = Release|Any CPU
		{F8718079-4B53-EFE9-FA9B-D589ABF8F246}.Release|Any CPU.Build.0 = Release|Any CPU
		{CB733956-EEAA-18CA-92EC-B81DCC1D833F}.Debug|Any CPU.ActiveCfg = Debug|Any CPU
		{CB733956-EEAA-18CA-92EC-B81DCC1D833F}.Debug|Any CPU.Build.0 = Debug|Any CPU
		{CB733956-EEAA-18CA-92EC-B81DCC1D833F}.Release|Any CPU.ActiveCfg = Release|Any CPU
		{CB733956-EEAA-18CA-92EC-B81DCC1D833F}.Release|Any CPU.Build.0 = Release|Any CPU
		{509C44E2-8980-24D3-5E07-C03FCB81E7EC}.Debug|Any CPU.ActiveCfg = Debug|Any CPU
		{509C44E2-8980-24D3-5E07-C03FCB81E7EC}.Debug|Any CPU.Build.0 = Debug|Any CPU
		{509C44E2-8980-24D3-5E07-C03FCB81E7EC}.Release|Any CPU.ActiveCfg = Release|Any CPU
		{509C44E2-8980-24D3-5E07-C03FCB81E7EC}.Release|Any CPU.Build.0 = Release|Any CPU
		{51094D93-B4D8-79BA-AEBC-814A6AB3E31A}.Debug|Any CPU.ActiveCfg = Debug|Any CPU
		{51094D93-B4D8-79BA-AEBC-814A6AB3E31A}.Debug|Any CPU.Build.0 = Debug|Any CPU
		{51094D93-B4D8-79BA-AEBC-814A6AB3E31A}.Release|Any CPU.ActiveCfg = Release|Any CPU
		{51094D93-B4D8-79BA-AEBC-814A6AB3E31A}.Release|Any CPU.Build.0 = Release|Any CPU
		{678BF93C-5C0D-D08F-6D33-54BEFABBDC52}.Debug|Any CPU.ActiveCfg = Debug|Any CPU
		{678BF93C-5C0D-D08F-6D33-54BEFABBDC52}.Debug|Any CPU.Build.0 = Debug|Any CPU
		{678BF93C-5C0D-D08F-6D33-54BEFABBDC52}.Release|Any CPU.ActiveCfg = Release|Any CPU
		{678BF93C-5C0D-D08F-6D33-54BEFABBDC52}.Release|Any CPU.Build.0 = Release|Any CPU
		{B5E3FC92-404A-4353-B622-2C1A4BBDCE5B}.Debug|Any CPU.ActiveCfg = Debug|Any CPU
		{B5E3FC92-404A-4353-B622-2C1A4BBDCE5B}.Debug|Any CPU.Build.0 = Debug|Any CPU
		{B5E3FC92-404A-4353-B622-2C1A4BBDCE5B}.Release|Any CPU.ActiveCfg = Release|Any CPU
		{B5E3FC92-404A-4353-B622-2C1A4BBDCE5B}.Release|Any CPU.Build.0 = Release|Any CPU
		{40123777-E2D0-0662-6A7F-804F1E0E3724}.Debug|Any CPU.ActiveCfg = Debug|Any CPU
		{40123777-E2D0-0662-6A7F-804F1E0E3724}.Debug|Any CPU.Build.0 = Debug|Any CPU
		{40123777-E2D0-0662-6A7F-804F1E0E3724}.Release|Any CPU.ActiveCfg = Release|Any CPU
		{40123777-E2D0-0662-6A7F-804F1E0E3724}.Release|Any CPU.Build.0 = Release|Any CPU
		{695B5584-FBE9-4862-B77D-7BFFFAF76BAE}.Debug|Any CPU.ActiveCfg = Debug|Any CPU
		{695B5584-FBE9-4862-B77D-7BFFFAF76BAE}.Debug|Any CPU.Build.0 = Debug|Any CPU
		{695B5584-FBE9-4862-B77D-7BFFFAF76BAE}.Release|Any CPU.ActiveCfg = Release|Any CPU
		{695B5584-FBE9-4862-B77D-7BFFFAF76BAE}.Release|Any CPU.Build.0 = Release|Any CPU
		{F9030A3B-E429-EF0F-669C-93E093F09C4E}.Debug|Any CPU.ActiveCfg = Debug|Any CPU
		{F9030A3B-E429-EF0F-669C-93E093F09C4E}.Debug|Any CPU.Build.0 = Debug|Any CPU
		{F9030A3B-E429-EF0F-669C-93E093F09C4E}.Release|Any CPU.ActiveCfg = Release|Any CPU
		{F9030A3B-E429-EF0F-669C-93E093F09C4E}.Release|Any CPU.Build.0 = Release|Any CPU
		{12D92129-8CD2-C599-6723-73BE36151AE4}.Debug|Any CPU.ActiveCfg = Debug|Any CPU
		{12D92129-8CD2-C599-6723-73BE36151AE4}.Debug|Any CPU.Build.0 = Debug|Any CPU
		{12D92129-8CD2-C599-6723-73BE36151AE4}.Release|Any CPU.ActiveCfg = Release|Any CPU
		{12D92129-8CD2-C599-6723-73BE36151AE4}.Release|Any CPU.Build.0 = Release|Any CPU
		{DA97FDC1-6E94-289E-585E-54F59FF7A49F}.Debug|Any CPU.ActiveCfg = Debug|Any CPU
		{DA97FDC1-6E94-289E-585E-54F59FF7A49F}.Debug|Any CPU.Build.0 = Debug|Any CPU
		{DA97FDC1-6E94-289E-585E-54F59FF7A49F}.Release|Any CPU.ActiveCfg = Release|Any CPU
		{DA97FDC1-6E94-289E-585E-54F59FF7A49F}.Release|Any CPU.Build.0 = Release|Any CPU
		{67FC4AA2-51C9-3209-6D33-5E9D2D8FFE17}.Debug|Any CPU.ActiveCfg = Debug|Any CPU
		{67FC4AA2-51C9-3209-6D33-5E9D2D8FFE17}.Debug|Any CPU.Build.0 = Debug|Any CPU
		{67FC4AA2-51C9-3209-6D33-5E9D2D8FFE17}.Release|Any CPU.ActiveCfg = Release|Any CPU
		{67FC4AA2-51C9-3209-6D33-5E9D2D8FFE17}.Release|Any CPU.Build.0 = Release|Any CPU
		{0EE40828-8541-9786-8EAE-A5708CCB67EB}.Debug|Any CPU.ActiveCfg = Debug|Any CPU
		{0EE40828-8541-9786-8EAE-A5708CCB67EB}.Debug|Any CPU.Build.0 = Debug|Any CPU
		{0EE40828-8541-9786-8EAE-A5708CCB67EB}.Release|Any CPU.ActiveCfg = Release|Any CPU
		{0EE40828-8541-9786-8EAE-A5708CCB67EB}.Release|Any CPU.Build.0 = Release|Any CPU
		{100AD8C5-9080-EEDA-6E61-E63C7686A325}.Debug|Any CPU.ActiveCfg = Debug|Any CPU
		{100AD8C5-9080-EEDA-6E61-E63C7686A325}.Debug|Any CPU.Build.0 = Debug|Any CPU
		{100AD8C5-9080-EEDA-6E61-E63C7686A325}.Release|Any CPU.ActiveCfg = Release|Any CPU
		{100AD8C5-9080-EEDA-6E61-E63C7686A325}.Release|Any CPU.Build.0 = Release|Any CPU
		{FDAD383D-00AA-A72B-EFAC-9B165758E659}.Debug|Any CPU.ActiveCfg = Debug|Any CPU
		{FDAD383D-00AA-A72B-EFAC-9B165758E659}.Debug|Any CPU.Build.0 = Debug|Any CPU
		{FDAD383D-00AA-A72B-EFAC-9B165758E659}.Release|Any CPU.ActiveCfg = Release|Any CPU
		{FDAD383D-00AA-A72B-EFAC-9B165758E659}.Release|Any CPU.Build.0 = Release|Any CPU
		{3D2912B5-59FD-6A30-BFFB-041F318DA325}.Debug|Any CPU.ActiveCfg = Debug|Any CPU
		{3D2912B5-59FD-6A30-BFFB-041F318DA325}.Debug|Any CPU.Build.0 = Debug|Any CPU
		{3D2912B5-59FD-6A30-BFFB-041F318DA325}.Release|Any CPU.ActiveCfg = Release|Any CPU
		{3D2912B5-59FD-6A30-BFFB-041F318DA325}.Release|Any CPU.Build.0 = Release|Any CPU
		{2074ABFD-AA0B-FC36-0731-CDB7792DD378}.Debug|Any CPU.ActiveCfg = Debug|Any CPU
		{2074ABFD-AA0B-FC36-0731-CDB7792DD378}.Debug|Any CPU.Build.0 = Debug|Any CPU
		{2074ABFD-AA0B-FC36-0731-CDB7792DD378}.Release|Any CPU.ActiveCfg = Release|Any CPU
		{2074ABFD-AA0B-FC36-0731-CDB7792DD378}.Release|Any CPU.Build.0 = Release|Any CPU
		{F6F5CF15-B25D-7D09-7A94-BA084557EF83}.Debug|Any CPU.ActiveCfg = Debug|Any CPU
		{F6F5CF15-B25D-7D09-7A94-BA084557EF83}.Debug|Any CPU.Build.0 = Debug|Any CPU
		{F6F5CF15-B25D-7D09-7A94-BA084557EF83}.Release|Any CPU.ActiveCfg = Release|Any CPU
		{F6F5CF15-B25D-7D09-7A94-BA084557EF83}.Release|Any CPU.Build.0 = Release|Any CPU
		{4D8DA6B6-1ABC-8505-E364-D825DBC002AD}.Debug|Any CPU.ActiveCfg = Debug|Any CPU
		{4D8DA6B6-1ABC-8505-E364-D825DBC002AD}.Debug|Any CPU.Build.0 = Debug|Any CPU
		{4D8DA6B6-1ABC-8505-E364-D825DBC002AD}.Release|Any CPU.ActiveCfg = Release|Any CPU
		{4D8DA6B6-1ABC-8505-E364-D825DBC002AD}.Release|Any CPU.Build.0 = Release|Any CPU
		{25105ECB-6A00-B699-1DB6-4735744DA13A}.Debug|Any CPU.ActiveCfg = Debug|Any CPU
		{25105ECB-6A00-B699-1DB6-4735744DA13A}.Debug|Any CPU.Build.0 = Debug|Any CPU
		{25105ECB-6A00-B699-1DB6-4735744DA13A}.Release|Any CPU.ActiveCfg = Release|Any CPU
		{25105ECB-6A00-B699-1DB6-4735744DA13A}.Release|Any CPU.Build.0 = Release|Any CPU
		{1AE62FEB-088F-C8C4-D643-FEC23AC38EB5}.Debug|Any CPU.ActiveCfg = Debug|Any CPU
		{1AE62FEB-088F-C8C4-D643-FEC23AC38EB5}.Debug|Any CPU.Build.0 = Debug|Any CPU
		{1AE62FEB-088F-C8C4-D643-FEC23AC38EB5}.Release|Any CPU.ActiveCfg = Release|Any CPU
		{1AE62FEB-088F-C8C4-D643-FEC23AC38EB5}.Release|Any CPU.Build.0 = Release|Any CPU
		{3C8DD199-0385-EC08-4A5B-32AC991963D5}.Debug|Any CPU.ActiveCfg = Debug|Any CPU
		{3C8DD199-0385-EC08-4A5B-32AC991963D5}.Debug|Any CPU.Build.0 = Debug|Any CPU
		{3C8DD199-0385-EC08-4A5B-32AC991963D5}.Release|Any CPU.ActiveCfg = Release|Any CPU
		{3C8DD199-0385-EC08-4A5B-32AC991963D5}.Release|Any CPU.Build.0 = Release|Any CPU
		{983EB1B3-C399-AFF3-D4B3-C89A2510748D}.Debug|Any CPU.ActiveCfg = Debug|Any CPU
		{983EB1B3-C399-AFF3-D4B3-C89A2510748D}.Debug|Any CPU.Build.0 = Debug|Any CPU
		{983EB1B3-C399-AFF3-D4B3-C89A2510748D}.Release|Any CPU.ActiveCfg = Release|Any CPU
		{983EB1B3-C399-AFF3-D4B3-C89A2510748D}.Release|Any CPU.Build.0 = Release|Any CPU
		{04F3787D-EDEE-1994-E08A-D1E4263947EC}.Debug|Any CPU.ActiveCfg = Debug|Any CPU
		{04F3787D-EDEE-1994-E08A-D1E4263947EC}.Debug|Any CPU.Build.0 = Debug|Any CPU
		{04F3787D-EDEE-1994-E08A-D1E4263947EC}.Release|Any CPU.ActiveCfg = Release|Any CPU
		{04F3787D-EDEE-1994-E08A-D1E4263947EC}.Release|Any CPU.Build.0 = Release|Any CPU
		{5066427C-66F4-6109-F089-0A11508D3615}.Debug|Any CPU.ActiveCfg = Debug|Any CPU
		{5066427C-66F4-6109-F089-0A11508D3615}.Debug|Any CPU.Build.0 = Debug|Any CPU
		{5066427C-66F4-6109-F089-0A11508D3615}.Release|Any CPU.ActiveCfg = Release|Any CPU
		{5066427C-66F4-6109-F089-0A11508D3615}.Release|Any CPU.Build.0 = Release|Any CPU
		{4DA864A6-AF24-BE5A-AB69-0A9AE773D971}.Debug|Any CPU.ActiveCfg = Debug|Any CPU
		{4DA864A6-AF24-BE5A-AB69-0A9AE773D971}.Debug|Any CPU.Build.0 = Debug|Any CPU
		{4DA864A6-AF24-BE5A-AB69-0A9AE773D971}.Release|Any CPU.ActiveCfg = Release|Any CPU
		{4DA864A6-AF24-BE5A-AB69-0A9AE773D971}.Release|Any CPU.Build.0 = Release|Any CPU
		{443F09B9-0967-C49B-7A36-4E7CDAB88E24}.Debug|Any CPU.ActiveCfg = Debug|Any CPU
		{443F09B9-0967-C49B-7A36-4E7CDAB88E24}.Debug|Any CPU.Build.0 = Debug|Any CPU
		{443F09B9-0967-C49B-7A36-4E7CDAB88E24}.Release|Any CPU.ActiveCfg = Release|Any CPU
		{443F09B9-0967-C49B-7A36-4E7CDAB88E24}.Release|Any CPU.Build.0 = Release|Any CPU
		{632A38B3-C964-7580-C369-D824D9546683}.Debug|Any CPU.ActiveCfg = Debug|Any CPU
		{632A38B3-C964-7580-C369-D824D9546683}.Debug|Any CPU.Build.0 = Debug|Any CPU
		{632A38B3-C964-7580-C369-D824D9546683}.Release|Any CPU.ActiveCfg = Release|Any CPU
		{632A38B3-C964-7580-C369-D824D9546683}.Release|Any CPU.Build.0 = Release|Any CPU
		{EAFBB8A5-E4AF-7D38-C659-FAB23EB8E0E2}.Debug|Any CPU.ActiveCfg = Debug|Any CPU
		{EAFBB8A5-E4AF-7D38-C659-FAB23EB8E0E2}.Debug|Any CPU.Build.0 = Debug|Any CPU
		{EAFBB8A5-E4AF-7D38-C659-FAB23EB8E0E2}.Release|Any CPU.ActiveCfg = Release|Any CPU
		{EAFBB8A5-E4AF-7D38-C659-FAB23EB8E0E2}.Release|Any CPU.Build.0 = Release|Any CPU
		{7E2664F6-37F9-E06A-3498-B0A7DB3BA2DA}.Debug|Any CPU.ActiveCfg = Debug|Any CPU
		{7E2664F6-37F9-E06A-3498-B0A7DB3BA2DA}.Debug|Any CPU.Build.0 = Debug|Any CPU
		{7E2664F6-37F9-E06A-3498-B0A7DB3BA2DA}.Release|Any CPU.ActiveCfg = Release|Any CPU
		{7E2664F6-37F9-E06A-3498-B0A7DB3BA2DA}.Release|Any CPU.Build.0 = Release|Any CPU
		{846E1EBE-7016-A24D-7EBA-4EED993CA522}.Debug|Any CPU.ActiveCfg = Debug|Any CPU
		{846E1EBE-7016-A24D-7EBA-4EED993CA522}.Debug|Any CPU.Build.0 = Debug|Any CPU
		{846E1EBE-7016-A24D-7EBA-4EED993CA522}.Release|Any CPU.ActiveCfg = Release|Any CPU
		{846E1EBE-7016-A24D-7EBA-4EED993CA522}.Release|Any CPU.Build.0 = Release|Any CPU
		{E68C8B80-3E03-E4D9-84AA-1A63467BC3BB}.Debug|Any CPU.ActiveCfg = Debug|Any CPU
		{E68C8B80-3E03-E4D9-84AA-1A63467BC3BB}.Debug|Any CPU.Build.0 = Debug|Any CPU
		{E68C8B80-3E03-E4D9-84AA-1A63467BC3BB}.Release|Any CPU.ActiveCfg = Release|Any CPU
		{E68C8B80-3E03-E4D9-84AA-1A63467BC3BB}.Release|Any CPU.Build.0 = Release|Any CPU
		{A60245BC-8AB9-644A-B3C6-B38BB002C3B6}.Debug|Any CPU.ActiveCfg = Debug|Any CPU
		{A60245BC-8AB9-644A-B3C6-B38BB002C3B6}.Debug|Any CPU.Build.0 = Debug|Any CPU
		{A60245BC-8AB9-644A-B3C6-B38BB002C3B6}.Release|Any CPU.ActiveCfg = Release|Any CPU
		{A60245BC-8AB9-644A-B3C6-B38BB002C3B6}.Release|Any CPU.Build.0 = Release|Any CPU
		{20084C6F-7E9C-8291-4E14-81C5FA730FBC}.Debug|Any CPU.ActiveCfg = Debug|Any CPU
		{20084C6F-7E9C-8291-4E14-81C5FA730FBC}.Debug|Any CPU.Build.0 = Debug|Any CPU
		{20084C6F-7E9C-8291-4E14-81C5FA730FBC}.Release|Any CPU.ActiveCfg = Release|Any CPU
		{20084C6F-7E9C-8291-4E14-81C5FA730FBC}.Release|Any CPU.Build.0 = Release|Any CPU
		{46152554-EE9D-7F4E-29B7-166F2BBC979E}.Debug|Any CPU.ActiveCfg = Debug|Any CPU
		{46152554-EE9D-7F4E-29B7-166F2BBC979E}.Debug|Any CPU.Build.0 = Debug|Any CPU
		{46152554-EE9D-7F4E-29B7-166F2BBC979E}.Release|Any CPU.ActiveCfg = Release|Any CPU
		{46152554-EE9D-7F4E-29B7-166F2BBC979E}.Release|Any CPU.Build.0 = Release|Any CPU
		{446A8938-3812-FC8E-69F2-FAB66F598998}.Debug|Any CPU.ActiveCfg = Debug|Any CPU
		{446A8938-3812-FC8E-69F2-FAB66F598998}.Debug|Any CPU.Build.0 = Debug|Any CPU
		{446A8938-3812-FC8E-69F2-FAB66F598998}.Release|Any CPU.ActiveCfg = Release|Any CPU
		{446A8938-3812-FC8E-69F2-FAB66F598998}.Release|Any CPU.Build.0 = Release|Any CPU
		{B180DA76-6523-C15A-3D9F-1D6E436469AB}.Debug|Any CPU.ActiveCfg = Debug|Any CPU
		{B180DA76-6523-C15A-3D9F-1D6E436469AB}.Debug|Any CPU.Build.0 = Debug|Any CPU
		{B180DA76-6523-C15A-3D9F-1D6E436469AB}.Release|Any CPU.ActiveCfg = Release|Any CPU
		{B180DA76-6523-C15A-3D9F-1D6E436469AB}.Release|Any CPU.Build.0 = Release|Any CPU
		{69755960-E40C-EC92-AA69-357CA62F0B7E}.Debug|Any CPU.ActiveCfg = Debug|Any CPU
		{69755960-E40C-EC92-AA69-357CA62F0B7E}.Debug|Any CPU.Build.0 = Debug|Any CPU
		{69755960-E40C-EC92-AA69-357CA62F0B7E}.Release|Any CPU.ActiveCfg = Release|Any CPU
		{69755960-E40C-EC92-AA69-357CA62F0B7E}.Release|Any CPU.Build.0 = Release|Any CPU
		{286413EE-1F9C-5865-E81F-EE1B264EE72A}.Debug|Any CPU.ActiveCfg = Debug|Any CPU
		{286413EE-1F9C-5865-E81F-EE1B264EE72A}.Debug|Any CPU.Build.0 = Debug|Any CPU
		{286413EE-1F9C-5865-E81F-EE1B264EE72A}.Release|Any CPU.ActiveCfg = Release|Any CPU
		{286413EE-1F9C-5865-E81F-EE1B264EE72A}.Release|Any CPU.Build.0 = Release|Any CPU
		{193ABBC1-7D75-2834-424E-F7EBDA5EDD79}.Debug|Any CPU.ActiveCfg = Debug|Any CPU
		{193ABBC1-7D75-2834-424E-F7EBDA5EDD79}.Debug|Any CPU.Build.0 = Debug|Any CPU
		{193ABBC1-7D75-2834-424E-F7EBDA5EDD79}.Release|Any CPU.ActiveCfg = Release|Any CPU
		{193ABBC1-7D75-2834-424E-F7EBDA5EDD79}.Release|Any CPU.Build.0 = Release|Any CPU
		{442FEEF0-AFF6-0842-7B99-81A46FD4B3DE}.Debug|Any CPU.ActiveCfg = Debug|Any CPU
		{442FEEF0-AFF6-0842-7B99-81A46FD4B3DE}.Debug|Any CPU.Build.0 = Debug|Any CPU
		{442FEEF0-AFF6-0842-7B99-81A46FD4B3DE}.Release|Any CPU.ActiveCfg = Release|Any CPU
		{442FEEF0-AFF6-0842-7B99-81A46FD4B3DE}.Release|Any CPU.Build.0 = Release|Any CPU
	EndGlobalSection
	GlobalSection(SolutionProperties) = preSolution
		HideSolutionNode = FALSE
	EndGlobalSection
EndGlobal
